// !$*UTF8*$!
{
	archiveVersion = 1;
	classes = {
	};
	objectVersion = 46;
	objects = {

/* Begin PBXBuildFile section */
		76ECCA5620766D510090FB6A /* AppDelegate.swift in Sources */ = {isa = PBXBuildFile; fileRef = 76ECCA5520766D510090FB6A /* AppDelegate.swift */; };
		76ECCA5820766D510090FB6A /* GoalsVC.swift in Sources */ = {isa = PBXBuildFile; fileRef = 76ECCA5720766D510090FB6A /* GoalsVC.swift */; };
		76ECCA5B20766D510090FB6A /* Main.storyboard in Resources */ = {isa = PBXBuildFile; fileRef = 76ECCA5920766D510090FB6A /* Main.storyboard */; };
		76ECCA5E20766D510090FB6A /* GoalPost.xcdatamodeld in Sources */ = {isa = PBXBuildFile; fileRef = 76ECCA5C20766D510090FB6A /* GoalPost.xcdatamodeld */; };
		76ECCA6020766D510090FB6A /* Assets.xcassets in Resources */ = {isa = PBXBuildFile; fileRef = 76ECCA5F20766D510090FB6A /* Assets.xcassets */; };
		76ECCA6320766D510090FB6A /* LaunchScreen.storyboard in Resources */ = {isa = PBXBuildFile; fileRef = 76ECCA6120766D510090FB6A /* LaunchScreen.storyboard */; };
		76ECCA71207683EA0090FB6A /* GoalCell.swift in Sources */ = {isa = PBXBuildFile; fileRef = 76ECCA70207683EA0090FB6A /* GoalCell.swift */; };
		76ECCA732076942B0090FB6A /* GoalType.swift in Sources */ = {isa = PBXBuildFile; fileRef = 76ECCA722076942B0090FB6A /* GoalType.swift */; };
		76ECCA752076A26D0090FB6A /* CreateGoalVC.swift in Sources */ = {isa = PBXBuildFile; fileRef = 76ECCA742076A26D0090FB6A /* CreateGoalVC.swift */; };
		76ECCA772076AE0A0090FB6A /* UIViewControllerExt.swift in Sources */ = {isa = PBXBuildFile; fileRef = 76ECCA762076AE0A0090FB6A /* UIViewControllerExt.swift */; };
		76ECCA7B2076BF760090FB6A /* UIViewExt.swift in Sources */ = {isa = PBXBuildFile; fileRef = 76ECCA7A2076BF760090FB6A /* UIViewExt.swift */; };
		76ECCA7D2076C8920090FB6A /* UIButtonExt.swift in Sources */ = {isa = PBXBuildFile; fileRef = 76ECCA7C2076C8920090FB6A /* UIButtonExt.swift */; };
		76ECCA7F2076E7270090FB6A /* FinishGoalVC.swift in Sources */ = {isa = PBXBuildFile; fileRef = 76ECCA7E2076E7270090FB6A /* FinishGoalVC.swift */; };
/* End PBXBuildFile section */

/* Begin PBXFileReference section */
		76ECCA5220766D510090FB6A /* GoalPost.app */ = {isa = PBXFileReference; explicitFileType = wrapper.application; includeInIndex = 0; path = GoalPost.app; sourceTree = BUILT_PRODUCTS_DIR; };
		76ECCA5520766D510090FB6A /* AppDelegate.swift */ = {isa = PBXFileReference; lastKnownFileType = sourcecode.swift; path = AppDelegate.swift; sourceTree = "<group>"; };
		76ECCA5720766D510090FB6A /* GoalsVC.swift */ = {isa = PBXFileReference; lastKnownFileType = sourcecode.swift; path = GoalsVC.swift; sourceTree = "<group>"; };
		76ECCA5A20766D510090FB6A /* Base */ = {isa = PBXFileReference; lastKnownFileType = file.storyboard; name = Base; path = Base.lproj/Main.storyboard; sourceTree = "<group>"; };
		76ECCA5D20766D510090FB6A /* GoalPost.xcdatamodel */ = {isa = PBXFileReference; lastKnownFileType = wrapper.xcdatamodel; path = GoalPost.xcdatamodel; sourceTree = "<group>"; };
		76ECCA5F20766D510090FB6A /* Assets.xcassets */ = {isa = PBXFileReference; lastKnownFileType = folder.assetcatalog; path = Assets.xcassets; sourceTree = "<group>"; };
		76ECCA6220766D510090FB6A /* Base */ = {isa = PBXFileReference; lastKnownFileType = file.storyboard; name = Base; path = Base.lproj/LaunchScreen.storyboard; sourceTree = "<group>"; };
		76ECCA6420766D510090FB6A /* Info.plist */ = {isa = PBXFileReference; lastKnownFileType = text.plist.xml; path = Info.plist; sourceTree = "<group>"; };
		76ECCA70207683EA0090FB6A /* GoalCell.swift */ = {isa = PBXFileReference; fileEncoding = 4; lastKnownFileType = sourcecode.swift; path = GoalCell.swift; sourceTree = "<group>"; };
		76ECCA722076942B0090FB6A /* GoalType.swift */ = {isa = PBXFileReference; fileEncoding = 4; lastKnownFileType = sourcecode.swift; path = GoalType.swift; sourceTree = "<group>"; };
		76ECCA742076A26D0090FB6A /* CreateGoalVC.swift */ = {isa = PBXFileReference; fileEncoding = 4; lastKnownFileType = sourcecode.swift; path = CreateGoalVC.swift; sourceTree = "<group>"; };
		76ECCA762076AE0A0090FB6A /* UIViewControllerExt.swift */ = {isa = PBXFileReference; fileEncoding = 4; lastKnownFileType = sourcecode.swift; path = UIViewControllerExt.swift; sourceTree = "<group>"; };
		76ECCA7A2076BF760090FB6A /* UIViewExt.swift */ = {isa = PBXFileReference; fileEncoding = 4; lastKnownFileType = sourcecode.swift; path = UIViewExt.swift; sourceTree = "<group>"; };
		76ECCA7C2076C8920090FB6A /* UIButtonExt.swift */ = {isa = PBXFileReference; fileEncoding = 4; lastKnownFileType = sourcecode.swift; path = UIButtonExt.swift; sourceTree = "<group>"; };
		76ECCA7E2076E7270090FB6A /* FinishGoalVC.swift */ = {isa = PBXFileReference; fileEncoding = 4; lastKnownFileType = sourcecode.swift; path = FinishGoalVC.swift; sourceTree = "<group>"; };
/* End PBXFileReference section */

/* Begin PBXFrameworksBuildPhase section */
		76ECCA4F20766D510090FB6A /* Frameworks */ = {
			isa = PBXFrameworksBuildPhase;
			buildActionMask = 2147483647;
			files = (
			);
			runOnlyForDeploymentPostprocessing = 0;
		};
/* End PBXFrameworksBuildPhase section */

/* Begin PBXGroup section */
		76ECCA4920766D510090FB6A = {
			isa = PBXGroup;
			children = (
				76ECCA5420766D510090FB6A /* GoalPost */,
				76ECCA5320766D510090FB6A /* Products */,
			);
			sourceTree = "<group>";
		};
		76ECCA5320766D510090FB6A /* Products */ = {
			isa = PBXGroup;
			children = (
				76ECCA5220766D510090FB6A /* GoalPost.app */,
			);
			name = Products;
			sourceTree = "<group>";
		};
		76ECCA5420766D510090FB6A /* GoalPost */ = {
			isa = PBXGroup;
			children = (
				76ECCA6D20766DFB0090FB6A /* Extenion */,
				76ECCA6C20766DF20090FB6A /* Enum */,
				76ECCA6B20766DEA0090FB6A /* View */,
				76ECCA6A20766DA50090FB6A /* Controller */,
				76ECCA5520766D510090FB6A /* AppDelegate.swift */,
				76ECCA5920766D510090FB6A /* Main.storyboard */,
				76ECCA5F20766D510090FB6A /* Assets.xcassets */,
				76ECCA6120766D510090FB6A /* LaunchScreen.storyboard */,
				76ECCA6420766D510090FB6A /* Info.plist */,
				76ECCA5C20766D510090FB6A /* GoalPost.xcdatamodeld */,
			);
			path = GoalPost;
			sourceTree = "<group>";
		};
		76ECCA6A20766DA50090FB6A /* Controller */ = {
			isa = PBXGroup;
			children = (
				76ECCA7E2076E7270090FB6A /* FinishGoalVC.swift */,
				76ECCA5720766D510090FB6A /* GoalsVC.swift */,
				76ECCA742076A26D0090FB6A /* CreateGoalVC.swift */,
			);
			name = Controller;
			sourceTree = "<group>";
		};
		76ECCA6B20766DEA0090FB6A /* View */ = {
			isa = PBXGroup;
			children = (
				76ECCA70207683EA0090FB6A /* GoalCell.swift */,
			);
			name = View;
			sourceTree = "<group>";
		};
		76ECCA6C20766DF20090FB6A /* Enum */ = {
			isa = PBXGroup;
			children = (
				76ECCA722076942B0090FB6A /* GoalType.swift */,
			);
			name = Enum;
			sourceTree = "<group>";
		};
		76ECCA6D20766DFB0090FB6A /* Extenion */ = {
			isa = PBXGroup;
			children = (
				76ECCA762076AE0A0090FB6A /* UIViewControllerExt.swift */,
				76ECCA7A2076BF760090FB6A /* UIViewExt.swift */,
				76ECCA7C2076C8920090FB6A /* UIButtonExt.swift */,
			);
			name = Extenion;
			sourceTree = "<group>";
		};
/* End PBXGroup section */

/* Begin PBXNativeTarget section */
		76ECCA5120766D510090FB6A /* GoalPost */ = {
			isa = PBXNativeTarget;
			buildConfigurationList = 76ECCA6720766D510090FB6A /* Build configuration list for PBXNativeTarget "GoalPost" */;
			buildPhases = (
				76ECCA4E20766D510090FB6A /* Sources */,
				76ECCA4F20766D510090FB6A /* Frameworks */,
				76ECCA5020766D510090FB6A /* Resources */,
			);
			buildRules = (
			);
			dependencies = (
			);
			name = GoalPost;
			productName = GoalPost;
			productReference = 76ECCA5220766D510090FB6A /* GoalPost.app */;
			productType = "com.apple.product-type.application";
		};
/* End PBXNativeTarget section */

/* Begin PBXProject section */
		76ECCA4A20766D510090FB6A /* Project object */ = {
			isa = PBXProject;
			attributes = {
				LastSwiftUpdateCheck = 0830;
				LastUpgradeCheck = 0830;
				ORGANIZATIONNAME = "Have a Mission";
				TargetAttributes = {
					76ECCA5120766D510090FB6A = {
						CreatedOnToolsVersion = 8.3.3;
						ProvisioningStyle = Automatic;
					};
				};
			};
			buildConfigurationList = 76ECCA4D20766D510090FB6A /* Build configuration list for PBXProject "GoalPost" */;
			compatibilityVersion = "Xcode 3.2";
			developmentRegion = English;
			hasScannedForEncodings = 0;
			knownRegions = (
				en,
				Base,
			);
			mainGroup = 76ECCA4920766D510090FB6A;
			productRefGroup = 76ECCA5320766D510090FB6A /* Products */;
			projectDirPath = "";
			projectRoot = "";
			targets = (
				76ECCA5120766D510090FB6A /* GoalPost */,
			);
		};
/* End PBXProject section */

/* Begin PBXResourcesBuildPhase section */
		76ECCA5020766D510090FB6A /* Resources */ = {
			isa = PBXResourcesBuildPhase;
			buildActionMask = 2147483647;
			files = (
				76ECCA6320766D510090FB6A /* LaunchScreen.storyboard in Resources */,
				76ECCA6020766D510090FB6A /* Assets.xcassets in Resources */,
				76ECCA5B20766D510090FB6A /* Main.storyboard in Resources */,
			);
			runOnlyForDeploymentPostprocessing = 0;
		};
/* End PBXResourcesBuildPhase section */

/* Begin PBXSourcesBuildPhase section */
		76ECCA4E20766D510090FB6A /* Sources */ = {
			isa = PBXSourcesBuildPhase;
			buildActionMask = 2147483647;
			files = (
				76ECCA71207683EA0090FB6A /* GoalCell.swift in Sources */,
				76ECCA752076A26D0090FB6A /* CreateGoalVC.swift in Sources */,
				76ECCA732076942B0090FB6A /* GoalType.swift in Sources */,
				76ECCA5820766D510090FB6A /* GoalsVC.swift in Sources */,
				76ECCA7B2076BF760090FB6A /* UIViewExt.swift in Sources */,
				76ECCA5620766D510090FB6A /* AppDelegate.swift in Sources */,
				76ECCA772076AE0A0090FB6A /* UIViewControllerExt.swift in Sources */,
				76ECCA7D2076C8920090FB6A /* UIButtonExt.swift in Sources */,
				76ECCA7F2076E7270090FB6A /* FinishGoalVC.swift in Sources */,
				76ECCA5E20766D510090FB6A /* GoalPost.xcdatamodeld in Sources */,
			);
			runOnlyForDeploymentPostprocessing = 0;
		};
/* End PBXSourcesBuildPhase section */

/* Begin PBXVariantGroup section */
		76ECCA5920766D510090FB6A /* Main.storyboard */ = {
			isa = PBXVariantGroup;
			children = (
				76ECCA5A20766D510090FB6A /* Base */,
			);
			name = Main.storyboard;
			sourceTree = "<group>";
		};
		76ECCA6120766D510090FB6A /* LaunchScreen.storyboard */ = {
			isa = PBXVariantGroup;
			children = (
				76ECCA6220766D510090FB6A /* Base */,
			);
			name = LaunchScreen.storyboard;
			sourceTree = "<group>";
		};
/* End PBXVariantGroup section */

/* Begin XCBuildConfiguration section */
		76ECCA6520766D510090FB6A /* Debug */ = {
			isa = XCBuildConfiguration;
			buildSettings = {
				ALWAYS_SEARCH_USER_PATHS = NO;
				CLANG_ANALYZER_NONNULL = YES;
				CLANG_ANALYZER_NUMBER_OBJECT_CONVERSION = YES_AGGRESSIVE;
				CLANG_CXX_LANGUAGE_STANDARD = "gnu++0x";
				CLANG_CXX_LIBRARY = "libc++";
				CLANG_ENABLE_MODULES = YES;
				CLANG_ENABLE_OBJC_ARC = YES;
				CLANG_WARN_BOOL_CONVERSION = YES;
				CLANG_WARN_CONSTANT_CONVERSION = YES;
				CLANG_WARN_DIRECT_OBJC_ISA_USAGE = YES_ERROR;
				CLANG_WARN_DOCUMENTATION_COMMENTS = YES;
				CLANG_WARN_EMPTY_BODY = YES;
				CLANG_WARN_ENUM_CONVERSION = YES;
				CLANG_WARN_INFINITE_RECURSION = YES;
				CLANG_WARN_INT_CONVERSION = YES;
				CLANG_WARN_OBJC_ROOT_CLASS = YES_ERROR;
				CLANG_WARN_SUSPICIOUS_MOVE = YES;
				CLANG_WARN_UNREACHABLE_CODE = YES;
				CLANG_WARN__DUPLICATE_METHOD_MATCH = YES;
				"CODE_SIGN_IDENTITY[sdk=iphoneos*]" = "iPhone Developer";
				COPY_PHASE_STRIP = NO;
				DEBUG_INFORMATION_FORMAT = dwarf;
				ENABLE_STRICT_OBJC_MSGSEND = YES;
				ENABLE_TESTABILITY = YES;
				GCC_C_LANGUAGE_STANDARD = gnu99;
				GCC_DYNAMIC_NO_PIC = NO;
				GCC_NO_COMMON_BLOCKS = YES;
				GCC_OPTIMIZATION_LEVEL = 0;
				GCC_PREPROCESSOR_DEFINITIONS = (
					"DEBUG=1",
					"$(inherited)",
				);
				GCC_WARN_64_TO_32_BIT_CONVERSION = YES;
				GCC_WARN_ABOUT_RETURN_TYPE = YES_ERROR;
				GCC_WARN_UNDECLARED_SELECTOR = YES;
				GCC_WARN_UNINITIALIZED_AUTOS = YES_AGGRESSIVE;
				GCC_WARN_UNUSED_FUNCTION = YES;
				GCC_WARN_UNUSED_VARIABLE = YES;
				IPHONEOS_DEPLOYMENT_TARGET = 10.3;
				MTL_ENABLE_DEBUG_INFO = YES;
				ONLY_ACTIVE_ARCH = YES;
				SDKROOT = iphoneos;
				SWIFT_ACTIVE_COMPILATION_CONDITIONS = DEBUG;
				SWIFT_OPTIMIZATION_LEVEL = "-Onone";
				TARGETED_DEVICE_FAMILY = "1,2";
			};
			name = Debug;
		};
		76ECCA6620766D510090FB6A /* Release */ = {
			isa = XCBuildConfiguration;
			buildSettings = {
				ALWAYS_SEARCH_USER_PATHS = NO;
				CLANG_ANALYZER_NONNULL = YES;
				CLANG_ANALYZER_NUMBER_OBJECT_CONVERSION = YES_AGGRESSIVE;
				CLANG_CXX_LANGUAGE_STANDARD = "gnu++0x";
				CLANG_CXX_LIBRARY = "libc++";
				CLANG_ENABLE_MODULES = YES;
				CLANG_ENABLE_OBJC_ARC = YES;
				CLANG_WARN_BOOL_CONVERSION = YES;
				CLANG_WARN_CONSTANT_CONVERSION = YES;
				CLANG_WARN_DIRECT_OBJC_ISA_USAGE = YES_ERROR;
				CLANG_WARN_DOCUMENTATION_COMMENTS = YES;
				CLANG_WARN_EMPTY_BODY = YES;
				CLANG_WARN_ENUM_CONVERSION = YES;
				CLANG_WARN_INFINITE_RECURSION = YES;
				CLANG_WARN_INT_CONVERSION = YES;
				CLANG_WARN_OBJC_ROOT_CLASS = YES_ERROR;
				CLANG_WARN_SUSPICIOUS_MOVE = YES;
				CLANG_WARN_UNREACHABLE_CODE = YES;
				CLANG_WARN__DUPLICATE_METHOD_MATCH = YES;
				"CODE_SIGN_IDENTITY[sdk=iphoneos*]" = "iPhone Developer";
				COPY_PHASE_STRIP = NO;
				DEBUG_INFORMATION_FORMAT = "dwarf-with-dsym";
				ENABLE_NS_ASSERTIONS = NO;
				ENABLE_STRICT_OBJC_MSGSEND = YES;
				GCC_C_LANGUAGE_STANDARD = gnu99;
				GCC_NO_COMMON_BLOCKS = YES;
				GCC_WARN_64_TO_32_BIT_CONVERSION = YES;
				GCC_WARN_ABOUT_RETURN_TYPE = YES_ERROR;
				GCC_WARN_UNDECLARED_SELECTOR = YES;
				GCC_WARN_UNINITIALIZED_AUTOS = YES_AGGRESSIVE;
				GCC_WARN_UNUSED_FUNCTION = YES;
				GCC_WARN_UNUSED_VARIABLE = YES;
				IPHONEOS_DEPLOYMENT_TARGET = 10.3;
				MTL_ENABLE_DEBUG_INFO = NO;
				SDKROOT = iphoneos;
				SWIFT_OPTIMIZATION_LEVEL = "-Owholemodule";
				TARGETED_DEVICE_FAMILY = "1,2";
				VALIDATE_PRODUCT = YES;
			};
			name = Release;
		};
		76ECCA6820766D510090FB6A /* Debug */ = {
			isa = XCBuildConfiguration;
			buildSettings = {
				ASSETCATALOG_COMPILER_APPICON_NAME = AppIcon;
				INFOPLIST_FILE = GoalPost/Info.plist;
				LD_RUNPATH_SEARCH_PATHS = "$(inherited) @executable_path/Frameworks";
				PRODUCT_BUNDLE_IDENTIFIER = adel.GoalPost;
				PRODUCT_NAME = "$(TARGET_NAME)";
				SWIFT_VERSION = 3.0;
			};
			name = Debug;
		};
		76ECCA6920766D510090FB6A /* Release */ = {
			isa = XCBuildConfiguration;
			buildSettings = {
				ASSETCATALOG_COMPILER_APPICON_NAME = AppIcon;
				INFOPLIST_FILE = GoalPost/Info.plist;
				LD_RUNPATH_SEARCH_PATHS = "$(inherited) @executable_path/Frameworks";
				PRODUCT_BUNDLE_IDENTIFIER = adel.GoalPost;
				PRODUCT_NAME = "$(TARGET_NAME)";
				SWIFT_VERSION = 3.0;
			};
			name = Release;
		};
/* End XCBuildConfiguration section */

/* Begin XCConfigurationList section */
		76ECCA4D20766D510090FB6A /* Build configuration list for PBXProject "GoalPost" */ = {
			isa = XCConfigurationList;
			buildConfigurations = (
				76ECCA6520766D510090FB6A /* Debug */,
				76ECCA6620766D510090FB6A /* Release */,
			);
			defaultConfigurationIsVisible = 0;
			defaultConfigurationName = Release;
		};
		76ECCA6720766D510090FB6A /* Build configuration list for PBXNativeTarget "GoalPost" */ = {
			isa = XCConfigurationList;
			buildConfigurations = (
				76ECCA6820766D510090FB6A /* Debug */,
				76ECCA6920766D510090FB6A /* Release */,
			);
			defaultConfigurationIsVisible = 0;
			defaultConfigurationName = Release;
		};
/* End XCConfigurationList section */

/* Begin XCVersionGroup section */
		76ECCA5C20766D510090FB6A /* GoalPost.xcdatamodeld */ = {
			isa = XCVersionGroup;
			children = (
				76ECCA5D20766D510090FB6A /* GoalPost.xcdatamodel */,
			);
			currentVersion = 76ECCA5D20766D510090FB6A /* GoalPost.xcdatamodel */;
			path = GoalPost.xcdatamodeld;
			sourceTree = "<group>";
			versionGroupType = wrapper.xcdatamodel;
		};
/* End XCVersionGroup section */
	};
	rootObject = 76ECCA4A20766D510090FB6A /* Project object */;
}
